// !$*UTF8*$!
{
	archiveVersion = 1;
	classes = {
	};
	objectVersion = 77;
	objects = {

/* Begin PBXBuildFile section */
		CE06A3752DB029E9006A7164 /* ContentView.swift in Sources */ = {isa = PBXBuildFile; fileRef = CE06A3662DB029E9006A7164 /* ContentView.swift */; };
		CE06A3762DB029E9006A7164 /* GamesTrackerApp.swift in Sources */ = {isa = PBXBuildFile; fileRef = CE06A3672DB029E9006A7164 /* GamesTrackerApp.swift */; };
		CE06A3792DB029E9006A7164 /* Assets.xcassets in Resources */ = {isa = PBXBuildFile; fileRef = CE06A3642DB029E9006A7164 /* Assets.xcassets */; };
		CE06A38D2DB02B5D006A7164 /* TwitchEndpoint.swift in Sources */ = {isa = PBXBuildFile; fileRef = CE06A3852DB02B5D006A7164 /* TwitchEndpoint.swift */; };
		CE06A3902DB02B5D006A7164 /* URLSessionProtocol.swift in Sources */ = {isa = PBXBuildFile; fileRef = CE06A38B2DB02B5D006A7164 /* URLSessionProtocol.swift */; };
		CE06A3922DB02B5D006A7164 /* Constants.swift in Sources */ = {isa = PBXBuildFile; fileRef = CE06A37E2DB02B5D006A7164 /* Constants.swift */; };
		CE06A3962DB02B5D006A7164 /* TokenResponse.swift in Sources */ = {isa = PBXBuildFile; fileRef = CE06A37F2DB02B5D006A7164 /* TokenResponse.swift */; };
		CE06A3982DB02B5D006A7164 /* Config.xcconfig.example in Resources */ = {isa = PBXBuildFile; fileRef = CE06A37B2DB02B5D006A7164 /* Config.xcconfig.example */; };
		CE06A3992DB02B5D006A7164 /* Development.xcconfig in Resources */ = {isa = PBXBuildFile; fileRef = CE06A37C2DB02B5D006A7164 /* Development.xcconfig */; };
		CE06A39B2DB02FA1006A7164 /* Authenticator.swift in Sources */ = {isa = PBXBuildFile; fileRef = CE06A39A2DB02FA1006A7164 /* Authenticator.swift */; };
		CE06A3A12DB056F1006A7164 /* IGDBEndpoint.swift in Sources */ = {isa = PBXBuildFile; fileRef = CE06A3842DB02B5D006A7164 /* IGDBEndpoint.swift */; };
		CE06A3A22DB05715006A7164 /* Endpoint.swift in Sources */ = {isa = PBXBuildFile; fileRef = CE06A3832DB02B5D006A7164 /* Endpoint.swift */; };
		CE06A3A42DB06CE1006A7164 /* Game.swift in Sources */ = {isa = PBXBuildFile; fileRef = CE06A3A32DB06CE1006A7164 /* Game.swift */; };
		CE06A3B32DB11ABF006A7164 /* HTTPMethod.swift in Sources */ = {isa = PBXBuildFile; fileRef = CE06A3882DB02B5D006A7164 /* HTTPMethod.swift */; };
		CE06A3B42DB11ACC006A7164 /* HTTPClient.swift in Sources */ = {isa = PBXBuildFile; fileRef = CE06A3872DB02B5D006A7164 /* HTTPClient.swift */; };
		CE06A3B52DB11ADE006A7164 /* Networkable.swift in Sources */ = {isa = PBXBuildFile; fileRef = CE06A3892DB02B5D006A7164 /* Networkable.swift */; };
		CE06A3B62DB11ADE006A7164 /* NetworkError.swift in Sources */ = {isa = PBXBuildFile; fileRef = CE06A38A2DB02B5D006A7164 /* NetworkError.swift */; };
		CE06A3B72DB11AE3006A7164 /* SnakeCaseJSONDecoder.swift in Sources */ = {isa = PBXBuildFile; fileRef = CE06A3812DB02B5D006A7164 /* SnakeCaseJSONDecoder.swift */; };
		CE06A3BA2DB14576006A7164 /* GameView.swift in Sources */ = {isa = PBXBuildFile; fileRef = CE06A3B92DB14576006A7164 /* GameView.swift */; };
		CE06A3BD2DB14C48006A7164 /* IGDBQuery.swift in Sources */ = {isa = PBXBuildFile; fileRef = CE06A3BC2DB14C48006A7164 /* IGDBQuery.swift */; };
		CE06A3C82DB1670A006A7164 /* PreviewGameScreenshot.webp in Resources */ = {isa = PBXBuildFile; fileRef = CE06A3C72DB1670A006A7164 /* PreviewGameScreenshot.webp */; };
		CE06A3CA2DB16ABF006A7164 /* GameImage.swift in Sources */ = {isa = PBXBuildFile; fileRef = CE06A3C92DB16ABF006A7164 /* GameImage.swift */; };
		CE06A3CC2DB16AE6006A7164 /* MockImageLoadable.swift in Sources */ = {isa = PBXBuildFile; fileRef = CE06A3CB2DB16AE6006A7164 /* MockImageLoadable.swift */; };
		CE06A3CE2DB16B0A006A7164 /* PreviewData.swift in Sources */ = {isa = PBXBuildFile; fileRef = CE06A3CD2DB16B0A006A7164 /* PreviewData.swift */; };
/* End PBXBuildFile section */

/* Begin PBXContainerItemProxy section */
		CEF852552DAFF12500FF0028 /* PBXContainerItemProxy */ = {
			isa = PBXContainerItemProxy;
			containerPortal = CEF8523D2DAFF12300FF0028 /* Project object */;
			proxyType = 1;
			remoteGlobalIDString = CEF852442DAFF12300FF0028;
			remoteInfo = GamesTracker;
		};
		CEF8525F2DAFF12500FF0028 /* PBXContainerItemProxy */ = {
			isa = PBXContainerItemProxy;
			containerPortal = CEF8523D2DAFF12300FF0028 /* Project object */;
			proxyType = 1;
			remoteGlobalIDString = CEF852442DAFF12300FF0028;
			remoteInfo = GamesTracker;
		};
/* End PBXContainerItemProxy section */

/* Begin PBXFileReference section */
		CE06A3642DB029E9006A7164 /* Assets.xcassets */ = {isa = PBXFileReference; lastKnownFileType = folder.assetcatalog; path = Assets.xcassets; sourceTree = "<group>"; };
		CE06A3662DB029E9006A7164 /* ContentView.swift */ = {isa = PBXFileReference; lastKnownFileType = sourcecode.swift; path = ContentView.swift; sourceTree = "<group>"; };
		CE06A3672DB029E9006A7164 /* GamesTrackerApp.swift */ = {isa = PBXFileReference; lastKnownFileType = sourcecode.swift; path = GamesTrackerApp.swift; sourceTree = "<group>"; };
		CE06A3682DB029E9006A7164 /* Info.plist */ = {isa = PBXFileReference; lastKnownFileType = text.plist.xml; path = Info.plist; sourceTree = "<group>"; };
		CE06A37B2DB02B5D006A7164 /* Config.xcconfig.example */ = {isa = PBXFileReference; lastKnownFileType = text; path = Config.xcconfig.example; sourceTree = "<group>"; };
		CE06A37C2DB02B5D006A7164 /* Development.xcconfig */ = {isa = PBXFileReference; lastKnownFileType = text.xcconfig; path = Development.xcconfig; sourceTree = "<group>"; };
		CE06A37E2DB02B5D006A7164 /* Constants.swift */ = {isa = PBXFileReference; lastKnownFileType = sourcecode.swift; path = Constants.swift; sourceTree = "<group>"; };
		CE06A37F2DB02B5D006A7164 /* TokenResponse.swift */ = {isa = PBXFileReference; lastKnownFileType = sourcecode.swift; path = TokenResponse.swift; sourceTree = "<group>"; };
		CE06A3812DB02B5D006A7164 /* SnakeCaseJSONDecoder.swift */ = {isa = PBXFileReference; lastKnownFileType = sourcecode.swift; path = SnakeCaseJSONDecoder.swift; sourceTree = "<group>"; };
		CE06A3832DB02B5D006A7164 /* Endpoint.swift */ = {isa = PBXFileReference; lastKnownFileType = sourcecode.swift; path = Endpoint.swift; sourceTree = "<group>"; };
		CE06A3842DB02B5D006A7164 /* IGDBEndpoint.swift */ = {isa = PBXFileReference; lastKnownFileType = sourcecode.swift; path = IGDBEndpoint.swift; sourceTree = "<group>"; };
		CE06A3852DB02B5D006A7164 /* TwitchEndpoint.swift */ = {isa = PBXFileReference; lastKnownFileType = sourcecode.swift; path = TwitchEndpoint.swift; sourceTree = "<group>"; };
		CE06A3872DB02B5D006A7164 /* HTTPClient.swift */ = {isa = PBXFileReference; lastKnownFileType = sourcecode.swift; path = HTTPClient.swift; sourceTree = "<group>"; };
		CE06A3882DB02B5D006A7164 /* HTTPMethod.swift */ = {isa = PBXFileReference; lastKnownFileType = sourcecode.swift; path = HTTPMethod.swift; sourceTree = "<group>"; };
		CE06A3892DB02B5D006A7164 /* Networkable.swift */ = {isa = PBXFileReference; lastKnownFileType = sourcecode.swift; path = Networkable.swift; sourceTree = "<group>"; };
		CE06A38A2DB02B5D006A7164 /* NetworkError.swift */ = {isa = PBXFileReference; lastKnownFileType = sourcecode.swift; path = NetworkError.swift; sourceTree = "<group>"; };
		CE06A38B2DB02B5D006A7164 /* URLSessionProtocol.swift */ = {isa = PBXFileReference; lastKnownFileType = sourcecode.swift; path = URLSessionProtocol.swift; sourceTree = "<group>"; };
		CE06A39A2DB02FA1006A7164 /* Authenticator.swift */ = {isa = PBXFileReference; lastKnownFileType = sourcecode.swift; path = Authenticator.swift; sourceTree = "<group>"; };
		CE06A3A32DB06CE1006A7164 /* Game.swift */ = {isa = PBXFileReference; lastKnownFileType = sourcecode.swift; path = Game.swift; sourceTree = "<group>"; };
		CE06A3B92DB14576006A7164 /* GameView.swift */ = {isa = PBXFileReference; lastKnownFileType = sourcecode.swift; path = GameView.swift; sourceTree = "<group>"; };
		CE06A3BC2DB14C48006A7164 /* IGDBQuery.swift */ = {isa = PBXFileReference; lastKnownFileType = sourcecode.swift; path = IGDBQuery.swift; sourceTree = "<group>"; };
		CE06A3C72DB1670A006A7164 /* PreviewGameScreenshot.webp */ = {isa = PBXFileReference; lastKnownFileType = file; path = PreviewGameScreenshot.webp; sourceTree = "<group>"; };
		CE06A3C92DB16ABF006A7164 /* GameImage.swift */ = {isa = PBXFileReference; lastKnownFileType = sourcecode.swift; path = GameImage.swift; sourceTree = "<group>"; };
		CE06A3CB2DB16AE6006A7164 /* MockImageLoadable.swift */ = {isa = PBXFileReference; lastKnownFileType = sourcecode.swift; path = MockImageLoadable.swift; sourceTree = "<group>"; };
		CE06A3CD2DB16B0A006A7164 /* PreviewData.swift */ = {isa = PBXFileReference; lastKnownFileType = sourcecode.swift; path = PreviewData.swift; sourceTree = "<group>"; };
		CEF852452DAFF12300FF0028 /* GamesTracker.app */ = {isa = PBXFileReference; explicitFileType = wrapper.application; includeInIndex = 0; path = GamesTracker.app; sourceTree = BUILT_PRODUCTS_DIR; };
		CEF852542DAFF12500FF0028 /* GamesTrackerTests.xctest */ = {isa = PBXFileReference; explicitFileType = wrapper.cfbundle; includeInIndex = 0; path = GamesTrackerTests.xctest; sourceTree = BUILT_PRODUCTS_DIR; };
		CEF8525E2DAFF12500FF0028 /* GamesTrackerUITests.xctest */ = {isa = PBXFileReference; explicitFileType = wrapper.cfbundle; includeInIndex = 0; path = GamesTrackerUITests.xctest; sourceTree = BUILT_PRODUCTS_DIR; };
/* End PBXFileReference section */

/* Begin PBXFileSystemSynchronizedRootGroup section */
		CEF852572DAFF12500FF0028 /* GamesTrackerTests */ = {
			isa = PBXFileSystemSynchronizedRootGroup;
			path = GamesTrackerTests;
			sourceTree = "<group>";
		};
		CEF852612DAFF12500FF0028 /* GamesTrackerUITests */ = {
			isa = PBXFileSystemSynchronizedRootGroup;
			path = GamesTrackerUITests;
			sourceTree = "<group>";
		};
/* End PBXFileSystemSynchronizedRootGroup section */

/* Begin PBXFrameworksBuildPhase section */
		CEF852422DAFF12300FF0028 /* Frameworks */ = {
			isa = PBXFrameworksBuildPhase;
			buildActionMask = 2147483647;
			files = (
			);
			runOnlyForDeploymentPostprocessing = 0;
		};
		CEF852512DAFF12500FF0028 /* Frameworks */ = {
			isa = PBXFrameworksBuildPhase;
			buildActionMask = 2147483647;
			files = (
			);
			runOnlyForDeploymentPostprocessing = 0;
		};
		CEF8525B2DAFF12500FF0028 /* Frameworks */ = {
			isa = PBXFrameworksBuildPhase;
			buildActionMask = 2147483647;
			files = (
			);
			runOnlyForDeploymentPostprocessing = 0;
		};
/* End PBXFrameworksBuildPhase section */

/* Begin PBXGroup section */
		CE06A3692DB029E9006A7164 /* GamesTracker */ = {
			isa = PBXGroup;
			children = (
				CE06A3D32DB16FDB006A7164 /* DataManagement */,
				CE06A3B82DB1455E006A7164 /* GamesScreen */,
				CE06A37D2DB02B5D006A7164 /* Config */,
				CE06A37E2DB02B5D006A7164 /* Constants.swift */,
				CE06A3802DB02B5D006A7164 /* Model */,
				CE06A38C2DB02B5D006A7164 /* Networking */,
				CE06A3642DB029E9006A7164 /* Assets.xcassets */,
				CE06A3662DB029E9006A7164 /* ContentView.swift */,
				CE06A3672DB029E9006A7164 /* GamesTrackerApp.swift */,
				CE06A3682DB029E9006A7164 /* Info.plist */,
				CE06A3C42DB166C5006A7164 /* PreviewContent */,
			);
			path = GamesTracker;
			sourceTree = "<group>";
		};
		CE06A37D2DB02B5D006A7164 /* Config */ = {
			isa = PBXGroup;
			children = (
				CE06A37B2DB02B5D006A7164 /* Config.xcconfig.example */,
				CE06A37C2DB02B5D006A7164 /* Development.xcconfig */,
			);
			path = Config;
			sourceTree = "<group>";
		};
		CE06A3802DB02B5D006A7164 /* Model */ = {
			isa = PBXGroup;
			children = (
				CE06A37F2DB02B5D006A7164 /* TokenResponse.swift */,
				CE06A3A32DB06CE1006A7164 /* Game.swift */,
				CE06A3C92DB16ABF006A7164 /* GameImage.swift */,
			);
			path = Model;
			sourceTree = "<group>";
		};
		CE06A3822DB02B5D006A7164 /* Decoders */ = {
			isa = PBXGroup;
			children = (
				CE06A3812DB02B5D006A7164 /* SnakeCaseJSONDecoder.swift */,
			);
			path = Decoders;
			sourceTree = "<group>";
		};
		CE06A3862DB02B5D006A7164 /* Endpoints */ = {
			isa = PBXGroup;
			children = (
				CE06A3BB2DB14C3E006A7164 /* IGDB */,
				CE06A3832DB02B5D006A7164 /* Endpoint.swift */,
				CE06A3852DB02B5D006A7164 /* TwitchEndpoint.swift */,
			);
			path = Endpoints;
			sourceTree = "<group>";
		};
		CE06A38C2DB02B5D006A7164 /* Networking */ = {
			isa = PBXGroup;
			children = (
				CE06A3822DB02B5D006A7164 /* Decoders */,
				CE06A3862DB02B5D006A7164 /* Endpoints */,
				CE06A3872DB02B5D006A7164 /* HTTPClient.swift */,
				CE06A39A2DB02FA1006A7164 /* Authenticator.swift */,
				CE06A3882DB02B5D006A7164 /* HTTPMethod.swift */,
				CE06A3892DB02B5D006A7164 /* Networkable.swift */,
				CE06A38A2DB02B5D006A7164 /* NetworkError.swift */,
				CE06A38B2DB02B5D006A7164 /* URLSessionProtocol.swift */,
			);
			path = Networking;
			sourceTree = "<group>";
		};
		CE06A3B82DB1455E006A7164 /* GamesScreen */ = {
			isa = PBXGroup;
			children = (
				CE06A3B92DB14576006A7164 /* GameView.swift */,
			);
			path = GamesScreen;
			sourceTree = "<group>";
		};
		CE06A3BB2DB14C3E006A7164 /* IGDB */ = {
			isa = PBXGroup;
			children = (
				CE06A3842DB02B5D006A7164 /* IGDBEndpoint.swift */,
				CE06A3BC2DB14C48006A7164 /* IGDBQuery.swift */,
			);
			path = IGDB;
			sourceTree = "<group>";
		};
		CE06A3C42DB166C5006A7164 /* PreviewContent */ = {
			isa = PBXGroup;
			children = (
				CE06A3C72DB1670A006A7164 /* PreviewGameScreenshot.webp */,
				CE06A3CB2DB16AE6006A7164 /* MockImageLoadable.swift */,
				CE06A3CD2DB16B0A006A7164 /* PreviewData.swift */,
			);
			path = PreviewContent;
			sourceTree = "<group>";
		};
		CE06A3D32DB16FDB006A7164 /* DataManagement */ = {
			isa = PBXGroup;
			children = (
			);
			path = DataManagement;
			sourceTree = "<group>";
		};
		CEF8523C2DAFF12300FF0028 = {
			isa = PBXGroup;
			children = (
				CE06A3692DB029E9006A7164 /* GamesTracker */,
				CEF852572DAFF12500FF0028 /* GamesTrackerTests */,
				CEF852612DAFF12500FF0028 /* GamesTrackerUITests */,
				CEF852462DAFF12300FF0028 /* Products */,
			);
			sourceTree = "<group>";
		};
		CEF852462DAFF12300FF0028 /* Products */ = {
			isa = PBXGroup;
			children = (
				CEF852452DAFF12300FF0028 /* GamesTracker.app */,
				CEF852542DAFF12500FF0028 /* GamesTrackerTests.xctest */,
				CEF8525E2DAFF12500FF0028 /* GamesTrackerUITests.xctest */,
			);
			name = Products;
			sourceTree = "<group>";
		};
/* End PBXGroup section */

/* Begin PBXNativeTarget section */
		CEF852442DAFF12300FF0028 /* GamesTracker */ = {
			isa = PBXNativeTarget;
			buildConfigurationList = CEF852682DAFF12500FF0028 /* Build configuration list for PBXNativeTarget "GamesTracker" */;
			buildPhases = (
				CEF852412DAFF12300FF0028 /* Sources */,
				CEF852422DAFF12300FF0028 /* Frameworks */,
				CEF852432DAFF12300FF0028 /* Resources */,
			);
			buildRules = (
			);
			dependencies = (
			);
			name = GamesTracker;
			packageProductDependencies = (
			);
			productName = GamesTracker;
			productReference = CEF852452DAFF12300FF0028 /* GamesTracker.app */;
			productType = "com.apple.product-type.application";
		};
		CEF852532DAFF12500FF0028 /* GamesTrackerTests */ = {
			isa = PBXNativeTarget;
			buildConfigurationList = CEF8526B2DAFF12500FF0028 /* Build configuration list for PBXNativeTarget "GamesTrackerTests" */;
			buildPhases = (
				CEF852502DAFF12500FF0028 /* Sources */,
				CEF852512DAFF12500FF0028 /* Frameworks */,
				CEF852522DAFF12500FF0028 /* Resources */,
			);
			buildRules = (
			);
			dependencies = (
				CEF852562DAFF12500FF0028 /* PBXTargetDependency */,
			);
			fileSystemSynchronizedGroups = (
				CEF852572DAFF12500FF0028 /* GamesTrackerTests */,
			);
			name = GamesTrackerTests;
			packageProductDependencies = (
			);
			productName = GamesTrackerTests;
			productReference = CEF852542DAFF12500FF0028 /* GamesTrackerTests.xctest */;
			productType = "com.apple.product-type.bundle.unit-test";
		};
		CEF8525D2DAFF12500FF0028 /* GamesTrackerUITests */ = {
			isa = PBXNativeTarget;
			buildConfigurationList = CEF8526E2DAFF12500FF0028 /* Build configuration list for PBXNativeTarget "GamesTrackerUITests" */;
			buildPhases = (
				CEF8525A2DAFF12500FF0028 /* Sources */,
				CEF8525B2DAFF12500FF0028 /* Frameworks */,
				CEF8525C2DAFF12500FF0028 /* Resources */,
			);
			buildRules = (
			);
			dependencies = (
				CEF852602DAFF12500FF0028 /* PBXTargetDependency */,
			);
			fileSystemSynchronizedGroups = (
				CEF852612DAFF12500FF0028 /* GamesTrackerUITests */,
			);
			name = GamesTrackerUITests;
			packageProductDependencies = (
			);
			productName = GamesTrackerUITests;
			productReference = CEF8525E2DAFF12500FF0028 /* GamesTrackerUITests.xctest */;
			productType = "com.apple.product-type.bundle.ui-testing";
		};
/* End PBXNativeTarget section */

/* Begin PBXProject section */
		CEF8523D2DAFF12300FF0028 /* Project object */ = {
			isa = PBXProject;
			attributes = {
				BuildIndependentTargetsInParallel = 1;
				LastSwiftUpdateCheck = 1630;
				LastUpgradeCheck = 1630;
				TargetAttributes = {
					CEF852442DAFF12300FF0028 = {
						CreatedOnToolsVersion = 16.3;
					};
					CEF852532DAFF12500FF0028 = {
						CreatedOnToolsVersion = 16.3;
						TestTargetID = CEF852442DAFF12300FF0028;
					};
					CEF8525D2DAFF12500FF0028 = {
						CreatedOnToolsVersion = 16.3;
						TestTargetID = CEF852442DAFF12300FF0028;
					};
				};
			};
			buildConfigurationList = CEF852402DAFF12300FF0028 /* Build configuration list for PBXProject "GamesTracker" */;
			developmentRegion = en;
			hasScannedForEncodings = 0;
			knownRegions = (
				en,
				Base,
			);
			mainGroup = CEF8523C2DAFF12300FF0028;
			minimizedProjectReferenceProxies = 1;
			preferredProjectObjectVersion = 77;
			productRefGroup = CEF852462DAFF12300FF0028 /* Products */;
			projectDirPath = "";
			projectRoot = "";
			targets = (
				CEF852442DAFF12300FF0028 /* GamesTracker */,
				CEF852532DAFF12500FF0028 /* GamesTrackerTests */,
				CEF8525D2DAFF12500FF0028 /* GamesTrackerUITests */,
			);
		};
/* End PBXProject section */

/* Begin PBXResourcesBuildPhase section */
		CEF852432DAFF12300FF0028 /* Resources */ = {
			isa = PBXResourcesBuildPhase;
			buildActionMask = 2147483647;
			files = (
				CE06A3C82DB1670A006A7164 /* PreviewGameScreenshot.webp in Resources */,
				CE06A3982DB02B5D006A7164 /* Config.xcconfig.example in Resources */,
				CE06A3992DB02B5D006A7164 /* Development.xcconfig in Resources */,
				CE06A3792DB029E9006A7164 /* Assets.xcassets in Resources */,
			);
			runOnlyForDeploymentPostprocessing = 0;
		};
		CEF852522DAFF12500FF0028 /* Resources */ = {
			isa = PBXResourcesBuildPhase;
			buildActionMask = 2147483647;
			files = (
			);
			runOnlyForDeploymentPostprocessing = 0;
		};
		CEF8525C2DAFF12500FF0028 /* Resources */ = {
			isa = PBXResourcesBuildPhase;
			buildActionMask = 2147483647;
			files = (
			);
			runOnlyForDeploymentPostprocessing = 0;
		};
/* End PBXResourcesBuildPhase section */

/* Begin PBXSourcesBuildPhase section */
		CEF852412DAFF12300FF0028 /* Sources */ = {
			isa = PBXSourcesBuildPhase;
			buildActionMask = 2147483647;
			files = (
				CE06A3B72DB11AE3006A7164 /* SnakeCaseJSONDecoder.swift in Sources */,
				CE06A3A12DB056F1006A7164 /* IGDBEndpoint.swift in Sources */,
				CE06A3CA2DB16ABF006A7164 /* GameImage.swift in Sources */,
				CE06A3A42DB06CE1006A7164 /* Game.swift in Sources */,
				CE06A3B42DB11ACC006A7164 /* HTTPClient.swift in Sources */,
				CE06A3A22DB05715006A7164 /* Endpoint.swift in Sources */,
				CE06A3B32DB11ABF006A7164 /* HTTPMethod.swift in Sources */,
				CE06A38D2DB02B5D006A7164 /* TwitchEndpoint.swift in Sources */,
				CE06A39B2DB02FA1006A7164 /* Authenticator.swift in Sources */,
				CE06A3902DB02B5D006A7164 /* URLSessionProtocol.swift in Sources */,
				CE06A3CE2DB16B0A006A7164 /* PreviewData.swift in Sources */,
				CE06A3922DB02B5D006A7164 /* Constants.swift in Sources */,
				CE06A3B52DB11ADE006A7164 /* Networkable.swift in Sources */,
				CE06A3B62DB11ADE006A7164 /* NetworkError.swift in Sources */,
				CE06A3962DB02B5D006A7164 /* TokenResponse.swift in Sources */,
				CE06A3BD2DB14C48006A7164 /* IGDBQuery.swift in Sources */,
				CE06A3752DB029E9006A7164 /* ContentView.swift in Sources */,
				CE06A3BA2DB14576006A7164 /* GameView.swift in Sources */,
				CE06A3762DB029E9006A7164 /* GamesTrackerApp.swift in Sources */,
				CE06A3CC2DB16AE6006A7164 /* MockImageLoadable.swift in Sources */,
			);
			runOnlyForDeploymentPostprocessing = 0;
		};
		CEF852502DAFF12500FF0028 /* Sources */ = {
			isa = PBXSourcesBuildPhase;
			buildActionMask = 2147483647;
			files = (
			);
			runOnlyForDeploymentPostprocessing = 0;
		};
		CEF8525A2DAFF12500FF0028 /* Sources */ = {
			isa = PBXSourcesBuildPhase;
			buildActionMask = 2147483647;
			files = (
			);
			runOnlyForDeploymentPostprocessing = 0;
		};
/* End PBXSourcesBuildPhase section */

/* Begin PBXTargetDependency section */
		CEF852562DAFF12500FF0028 /* PBXTargetDependency */ = {
			isa = PBXTargetDependency;
			target = CEF852442DAFF12300FF0028 /* GamesTracker */;
			targetProxy = CEF852552DAFF12500FF0028 /* PBXContainerItemProxy */;
		};
		CEF852602DAFF12500FF0028 /* PBXTargetDependency */ = {
			isa = PBXTargetDependency;
			target = CEF852442DAFF12300FF0028 /* GamesTracker */;
			targetProxy = CEF8525F2DAFF12500FF0028 /* PBXContainerItemProxy */;
		};
/* End PBXTargetDependency section */

/* Begin XCBuildConfiguration section */
		CEF852662DAFF12500FF0028 /* Debug */ = {
			isa = XCBuildConfiguration;
			baseConfigurationReference = CE06A37C2DB02B5D006A7164 /* Development.xcconfig */;
			buildSettings = {
				ALWAYS_SEARCH_USER_PATHS = NO;
				ASSETCATALOG_COMPILER_GENERATE_SWIFT_ASSET_SYMBOL_EXTENSIONS = YES;
				CLANG_ANALYZER_NONNULL = YES;
				CLANG_ANALYZER_NUMBER_OBJECT_CONVERSION = YES_AGGRESSIVE;
				CLANG_CXX_LANGUAGE_STANDARD = "gnu++20";
				CLANG_ENABLE_MODULES = YES;
				CLANG_ENABLE_OBJC_ARC = YES;
				CLANG_ENABLE_OBJC_WEAK = YES;
				CLANG_WARN_BLOCK_CAPTURE_AUTORELEASING = YES;
				CLANG_WARN_BOOL_CONVERSION = YES;
				CLANG_WARN_COMMA = YES;
				CLANG_WARN_CONSTANT_CONVERSION = YES;
				CLANG_WARN_DEPRECATED_OBJC_IMPLEMENTATIONS = YES;
				CLANG_WARN_DIRECT_OBJC_ISA_USAGE = YES_ERROR;
				CLANG_WARN_DOCUMENTATION_COMMENTS = YES;
				CLANG_WARN_EMPTY_BODY = YES;
				CLANG_WARN_ENUM_CONVERSION = YES;
				CLANG_WARN_INFINITE_RECURSION = YES;
				CLANG_WARN_INT_CONVERSION = YES;
				CLANG_WARN_NON_LITERAL_NULL_CONVERSION = YES;
				CLANG_WARN_OBJC_IMPLICIT_RETAIN_SELF = YES;
				CLANG_WARN_OBJC_LITERAL_CONVERSION = YES;
				CLANG_WARN_OBJC_ROOT_CLASS = YES_ERROR;
				CLANG_WARN_QUOTED_INCLUDE_IN_FRAMEWORK_HEADER = YES;
				CLANG_WARN_RANGE_LOOP_ANALYSIS = YES;
				CLANG_WARN_STRICT_PROTOTYPES = YES;
				CLANG_WARN_SUSPICIOUS_MOVE = YES;
				CLANG_WARN_UNGUARDED_AVAILABILITY = YES_AGGRESSIVE;
				CLANG_WARN_UNREACHABLE_CODE = YES;
				CLANG_WARN__DUPLICATE_METHOD_MATCH = YES;
				COPY_PHASE_STRIP = NO;
				DEBUG_INFORMATION_FORMAT = dwarf;
				DEVELOPMENT_TEAM = GDG3JLHFMS;
				ENABLE_STRICT_OBJC_MSGSEND = YES;
				ENABLE_TESTABILITY = YES;
				ENABLE_USER_SCRIPT_SANDBOXING = YES;
				GCC_C_LANGUAGE_STANDARD = gnu17;
				GCC_DYNAMIC_NO_PIC = NO;
				GCC_NO_COMMON_BLOCKS = YES;
				GCC_OPTIMIZATION_LEVEL = 0;
				GCC_PREPROCESSOR_DEFINITIONS = (
					"DEBUG=1",
					"$(inherited)",
				);
				GCC_WARN_64_TO_32_BIT_CONVERSION = YES;
				GCC_WARN_ABOUT_RETURN_TYPE = YES_ERROR;
				GCC_WARN_UNDECLARED_SELECTOR = YES;
				GCC_WARN_UNINITIALIZED_AUTOS = YES_AGGRESSIVE;
				GCC_WARN_UNUSED_FUNCTION = YES;
				GCC_WARN_UNUSED_VARIABLE = YES;
				IPHONEOS_DEPLOYMENT_TARGET = 18.4;
				LOCALIZATION_PREFERS_STRING_CATALOGS = YES;
				MTL_ENABLE_DEBUG_INFO = INCLUDE_SOURCE;
				MTL_FAST_MATH = YES;
				ONLY_ACTIVE_ARCH = YES;
				SDKROOT = iphoneos;
				SWIFT_ACTIVE_COMPILATION_CONDITIONS = "DEBUG $(inherited)";
				SWIFT_OPTIMIZATION_LEVEL = "-Onone";
			};
			name = Debug;
		};
		CEF852672DAFF12500FF0028 /* Release */ = {
			isa = XCBuildConfiguration;
			buildSettings = {
				ALWAYS_SEARCH_USER_PATHS = NO;
				ASSETCATALOG_COMPILER_GENERATE_SWIFT_ASSET_SYMBOL_EXTENSIONS = YES;
				CLANG_ANALYZER_NONNULL = YES;
				CLANG_ANALYZER_NUMBER_OBJECT_CONVERSION = YES_AGGRESSIVE;
				CLANG_CXX_LANGUAGE_STANDARD = "gnu++20";
				CLANG_ENABLE_MODULES = YES;
				CLANG_ENABLE_OBJC_ARC = YES;
				CLANG_ENABLE_OBJC_WEAK = YES;
				CLANG_WARN_BLOCK_CAPTURE_AUTORELEASING = YES;
				CLANG_WARN_BOOL_CONVERSION = YES;
				CLANG_WARN_COMMA = YES;
				CLANG_WARN_CONSTANT_CONVERSION = YES;
				CLANG_WARN_DEPRECATED_OBJC_IMPLEMENTATIONS = YES;
				CLANG_WARN_DIRECT_OBJC_ISA_USAGE = YES_ERROR;
				CLANG_WARN_DOCUMENTATION_COMMENTS = YES;
				CLANG_WARN_EMPTY_BODY = YES;
				CLANG_WARN_ENUM_CONVERSION = YES;
				CLANG_WARN_INFINITE_RECURSION = YES;
				CLANG_WARN_INT_CONVERSION = YES;
				CLANG_WARN_NON_LITERAL_NULL_CONVERSION = YES;
				CLANG_WARN_OBJC_IMPLICIT_RETAIN_SELF = YES;
				CLANG_WARN_OBJC_LITERAL_CONVERSION = YES;
				CLANG_WARN_OBJC_ROOT_CLASS = YES_ERROR;
				CLANG_WARN_QUOTED_INCLUDE_IN_FRAMEWORK_HEADER = YES;
				CLANG_WARN_RANGE_LOOP_ANALYSIS = YES;
				CLANG_WARN_STRICT_PROTOTYPES = YES;
				CLANG_WARN_SUSPICIOUS_MOVE = YES;
				CLANG_WARN_UNGUARDED_AVAILABILITY = YES_AGGRESSIVE;
				CLANG_WARN_UNREACHABLE_CODE = YES;
				CLANG_WARN__DUPLICATE_METHOD_MATCH = YES;
				COPY_PHASE_STRIP = NO;
				DEBUG_INFORMATION_FORMAT = "dwarf-with-dsym";
				DEVELOPMENT_TEAM = GDG3JLHFMS;
				ENABLE_NS_ASSERTIONS = NO;
				ENABLE_STRICT_OBJC_MSGSEND = YES;
				ENABLE_USER_SCRIPT_SANDBOXING = YES;
				GCC_C_LANGUAGE_STANDARD = gnu17;
				GCC_NO_COMMON_BLOCKS = YES;
				GCC_WARN_64_TO_32_BIT_CONVERSION = YES;
				GCC_WARN_ABOUT_RETURN_TYPE = YES_ERROR;
				GCC_WARN_UNDECLARED_SELECTOR = YES;
				GCC_WARN_UNINITIALIZED_AUTOS = YES_AGGRESSIVE;
				GCC_WARN_UNUSED_FUNCTION = YES;
				GCC_WARN_UNUSED_VARIABLE = YES;
				IPHONEOS_DEPLOYMENT_TARGET = 18.4;
				LOCALIZATION_PREFERS_STRING_CATALOGS = YES;
				MTL_ENABLE_DEBUG_INFO = NO;
				MTL_FAST_MATH = YES;
				SDKROOT = iphoneos;
				SWIFT_COMPILATION_MODE = wholemodule;
				VALIDATE_PRODUCT = YES;
			};
			name = Release;
		};
		CEF852692DAFF12500FF0028 /* Debug */ = {
			isa = XCBuildConfiguration;
			buildSettings = {
				ASSETCATALOG_COMPILER_APPICON_NAME = AppIcon;
				ASSETCATALOG_COMPILER_GLOBAL_ACCENT_COLOR_NAME = AccentColor;
				CODE_SIGN_STYLE = Automatic;
				CURRENT_PROJECT_VERSION = 1;
				DEVELOPMENT_TEAM = GDG3JLHFMS;
				ENABLE_PREVIEWS = YES;
				GENERATE_INFOPLIST_FILE = YES;
				INFOPLIST_FILE = GamesTracker/Info.plist;
				INFOPLIST_KEY_LSApplicationCategoryType = "";
				INFOPLIST_KEY_UIApplicationSceneManifest_Generation = YES;
				INFOPLIST_KEY_UIApplicationSupportsIndirectInputEvents = YES;
				INFOPLIST_KEY_UILaunchScreen_Generation = YES;
				INFOPLIST_KEY_UISupportedInterfaceOrientations = UIInterfaceOrientationPortrait;
				INFOPLIST_KEY_UISupportedInterfaceOrientations_iPad = "UIInterfaceOrientationPortrait UIInterfaceOrientationPortraitUpsideDown";
				IPHONEOS_DEPLOYMENT_TARGET = 17.0;
				LD_RUNPATH_SEARCH_PATHS = (
					"$(inherited)",
					"@executable_path/Frameworks",
				);
				MARKETING_VERSION = 1.0;
				PRODUCT_BUNDLE_IDENTIFIER = com.eusgoed.GamesTracker;
				PRODUCT_NAME = "$(TARGET_NAME)";
				SUPPORTED_PLATFORMS = "iphoneos iphonesimulator";
				SUPPORTS_MACCATALYST = NO;
				SUPPORTS_MAC_DESIGNED_FOR_IPHONE_IPAD = NO;
				SUPPORTS_XR_DESIGNED_FOR_IPHONE_IPAD = NO;
				SWIFT_EMIT_LOC_STRINGS = YES;
				SWIFT_VERSION = 5.0;
				TARGETED_DEVICE_FAMILY = 1;
			};
			name = Debug;
		};
		CEF8526A2DAFF12500FF0028 /* Release */ = {
			isa = XCBuildConfiguration;
			buildSettings = {
				ASSETCATALOG_COMPILER_APPICON_NAME = AppIcon;
				ASSETCATALOG_COMPILER_GLOBAL_ACCENT_COLOR_NAME = AccentColor;
				CODE_SIGN_STYLE = Automatic;
				CURRENT_PROJECT_VERSION = 1;
				DEVELOPMENT_TEAM = GDG3JLHFMS;
				ENABLE_PREVIEWS = YES;
				GENERATE_INFOPLIST_FILE = YES;
				INFOPLIST_FILE = GamesTracker/Info.plist;
				INFOPLIST_KEY_LSApplicationCategoryType = "";
				INFOPLIST_KEY_UIApplicationSceneManifest_Generation = YES;
				INFOPLIST_KEY_UIApplicationSupportsIndirectInputEvents = YES;
				INFOPLIST_KEY_UILaunchScreen_Generation = YES;
				INFOPLIST_KEY_UISupportedInterfaceOrientations = UIInterfaceOrientationPortrait;
				INFOPLIST_KEY_UISupportedInterfaceOrientations_iPad = "UIInterfaceOrientationPortrait UIInterfaceOrientationPortraitUpsideDown";
				IPHONEOS_DEPLOYMENT_TARGET = 17.0;
				LD_RUNPATH_SEARCH_PATHS = (
					"$(inherited)",
					"@executable_path/Frameworks",
				);
				MARKETING_VERSION = 1.0;
				PRODUCT_BUNDLE_IDENTIFIER = com.eusgoed.GamesTracker;
				PRODUCT_NAME = "$(TARGET_NAME)";
				SUPPORTED_PLATFORMS = "iphoneos iphonesimulator";
				SUPPORTS_MACCATALYST = NO;
				SUPPORTS_MAC_DESIGNED_FOR_IPHONE_IPAD = NO;
				SUPPORTS_XR_DESIGNED_FOR_IPHONE_IPAD = NO;
				SWIFT_EMIT_LOC_STRINGS = YES;
				SWIFT_VERSION = 5.0;
				TARGETED_DEVICE_FAMILY = 1;
			};
			name = Release;
		};
		CEF8526C2DAFF12500FF0028 /* Debug */ = {
			isa = XCBuildConfiguration;
			buildSettings = {
				BUNDLE_LOADER = "$(TEST_HOST)";
				CODE_SIGN_STYLE = Automatic;
				CURRENT_PROJECT_VERSION = 1;
				DEVELOPMENT_TEAM = GDG3JLHFMS;
				GENERATE_INFOPLIST_FILE = YES;
				IPHONEOS_DEPLOYMENT_TARGET = 18.4;
				MARKETING_VERSION = 1.0;
				PRODUCT_BUNDLE_IDENTIFIER = com.eusgoed.GamesTrackerTests;
				PRODUCT_NAME = "$(TARGET_NAME)";
				SWIFT_EMIT_LOC_STRINGS = NO;
				SWIFT_VERSION = 5.0;
				TARGETED_DEVICE_FAMILY = "1,2";
				TEST_HOST = "$(BUILT_PRODUCTS_DIR)/GamesTracker.app/$(BUNDLE_EXECUTABLE_FOLDER_PATH)/GamesTracker";
			};
			name = Debug;
		};
		CEF8526D2DAFF12500FF0028 /* Release */ = {
			isa = XCBuildConfiguration;
			buildSettings = {
				BUNDLE_LOADER = "$(TEST_HOST)";
				CODE_SIGN_STYLE = Automatic;
				CURRENT_PROJECT_VERSION = 1;
				DEVELOPMENT_TEAM = GDG3JLHFMS;
				GENERATE_INFOPLIST_FILE = YES;
				IPHONEOS_DEPLOYMENT_TARGET = 18.4;
				MARKETING_VERSION = 1.0;
				PRODUCT_BUNDLE_IDENTIFIER = com.eusgoed.GamesTrackerTests;
				PRODUCT_NAME = "$(TARGET_NAME)";
				SWIFT_EMIT_LOC_STRINGS = NO;
				SWIFT_VERSION = 5.0;
				TARGETED_DEVICE_FAMILY = "1,2";
				TEST_HOST = "$(BUILT_PRODUCTS_DIR)/GamesTracker.app/$(BUNDLE_EXECUTABLE_FOLDER_PATH)/GamesTracker";
			};
			name = Release;
		};
		CEF8526F2DAFF12500FF0028 /* Debug */ = {
			isa = XCBuildConfiguration;
			buildSettings = {
				CODE_SIGN_STYLE = Automatic;
				CURRENT_PROJECT_VERSION = 1;
				DEVELOPMENT_TEAM = GDG3JLHFMS;
				GENERATE_INFOPLIST_FILE = YES;
				MARKETING_VERSION = 1.0;
				PRODUCT_BUNDLE_IDENTIFIER = com.eusgoed.GamesTrackerUITests;
				PRODUCT_NAME = "$(TARGET_NAME)";
				SWIFT_EMIT_LOC_STRINGS = NO;
				SWIFT_VERSION = 5.0;
				TARGETED_DEVICE_FAMILY = "1,2";
				TEST_TARGET_NAME = GamesTracker;
			};
			name = Debug;
		};
		CEF852702DAFF12500FF0028 /* Release */ = {
			isa = XCBuildConfiguration;
			buildSettings = {
				CODE_SIGN_STYLE = Automatic;
				CURRENT_PROJECT_VERSION = 1;
				DEVELOPMENT_TEAM = GDG3JLHFMS;
				GENERATE_INFOPLIST_FILE = YES;
				MARKETING_VERSION = 1.0;
				PRODUCT_BUNDLE_IDENTIFIER = com.eusgoed.GamesTrackerUITests;
				PRODUCT_NAME = "$(TARGET_NAME)";
				SWIFT_EMIT_LOC_STRINGS = NO;
				SWIFT_VERSION = 5.0;
				TARGETED_DEVICE_FAMILY = "1,2";
				TEST_TARGET_NAME = GamesTracker;
			};
			name = Release;
		};
/* End XCBuildConfiguration section */

/* Begin XCConfigurationList section */
		CEF852402DAFF12300FF0028 /* Build configuration list for PBXProject "GamesTracker" */ = {
			isa = XCConfigurationList;
			buildConfigurations = (
				CEF852662DAFF12500FF0028 /* Debug */,
				CEF852672DAFF12500FF0028 /* Release */,
			);
			defaultConfigurationIsVisible = 0;
			defaultConfigurationName = Release;
		};
		CEF852682DAFF12500FF0028 /* Build configuration list for PBXNativeTarget "GamesTracker" */ = {
			isa = XCConfigurationList;
			buildConfigurations = (
				CEF852692DAFF12500FF0028 /* Debug */,
				CEF8526A2DAFF12500FF0028 /* Release */,
			);
			defaultConfigurationIsVisible = 0;
			defaultConfigurationName = Release;
		};
		CEF8526B2DAFF12500FF0028 /* Build configuration list for PBXNativeTarget "GamesTrackerTests" */ = {
			isa = XCConfigurationList;
			buildConfigurations = (
				CEF8526C2DAFF12500FF0028 /* Debug */,
				CEF8526D2DAFF12500FF0028 /* Release */,
			);
			defaultConfigurationIsVisible = 0;
			defaultConfigurationName = Release;
		};
		CEF8526E2DAFF12500FF0028 /* Build configuration list for PBXNativeTarget "GamesTrackerUITests" */ = {
			isa = XCConfigurationList;
			buildConfigurations = (
				CEF8526F2DAFF12500FF0028 /* Debug */,
				CEF852702DAFF12500FF0028 /* Release */,
			);
			defaultConfigurationIsVisible = 0;
			defaultConfigurationName = Release;
		};
/* End XCConfigurationList section */
	};
	rootObject = CEF8523D2DAFF12300FF0028 /* Project object */;
}
